# This file is automatically @generated by Cargo.
# It is not intended for manual editing.
[[package]]
name = "autocfg"
version = "1.4.0"
source = "registry+https://github.com/rust-lang/crates.io-index"

[[package]]
name = "num-traits"
version = "0.2.16"
source = "registry+https://github.com/rust-lang/crates.io-index"
dependencies = [
 "autocfg 1.4.0 (registry+https://github.com/rust-lang/crates.io-index)",
]

[[package]]
name = "shrewnit"
version = "0.1.1"
dependencies = [
 "num-traits 0.2.16 (registry+https://github.com/rust-lang/crates.io-index)",
]

[metadata]
"checksum autocfg 1.4.0 (registry+https://github.com/rust-lang/crates.io-index)" = "ace50bade8e6234aa140d9a2f552bbee1db4d353f69b8217bc503490fc1a9f26"
"checksum num-traits 0.2.16 (registry+https://github.com/rust-lang/crates.io-index)" = "f30b0abd723be7e2ffca1272140fac1a2f084c77ec3e123c192b66af1ee9e6c2"
